
Microsoft Visual Studio Solution File, Format Version 12.00
# Visual Studio Version 17
VisualStudioVersion = 17.8.34511.84
MinimumVisualStudioVersion = 10.0.40219.1
Project("{FAE04EC0-301F-11D3-BF4B-00C04F79EFBC}") = "TFTIT_BackEnd_VetClinic_Web_API", "TFTIT_BackEnd_VetClinic_Web_API\TFTIT_BackEnd_VetClinic_Web_API.csproj", "{1BC03BCE-1E17-4893-90D0-16AA1F8DCFD3}"
EndProject
Project("{FAE04EC0-301F-11D3-BF4B-00C04F79EFBC}") = "DAL", "DAL\DAL.csproj", "{AADDF8A1-2656-44D7-916D-333818D0804F}"
EndProject
Project("{FAE04EC0-301F-11D3-BF4B-00C04F79EFBC}") = "BLL", "BLL\BLL.csproj", "{CAEFC134-FC2B-45D2-8BC8-81274B53837C}"
EndProject
Global
	GlobalSection(SolutionConfigurationPlatforms) = preSolution
		Debug|Any CPU = Debug|Any CPU
		Release|Any CPU = Release|Any CPU
	EndGlobalSection
	GlobalSection(ProjectConfigurationPlatforms) = postSolution
		{1BC03BCE-1E17-4893-90D0-16AA1F8DCFD3}.Debug|Any CPU.ActiveCfg = Debug|Any CPU
		{1BC03BCE-1E17-4893-90D0-16AA1F8DCFD3}.Debug|Any CPU.Build.0 = Debug|Any CPU
		{1BC03BCE-1E17-4893-90D0-16AA1F8DCFD3}.Release|Any CPU.ActiveCfg = Release|Any CPU
		{1BC03BCE-1E17-4893-90D0-16AA1F8DCFD3}.Release|Any CPU.Build.0 = Release|Any CPU
		{AADDF8A1-2656-44D7-916D-333818D0804F}.Debug|Any CPU.ActiveCfg = Debug|Any CPU
		{AADDF8A1-2656-44D7-916D-333818D0804F}.Debug|Any CPU.Build.0 = Debug|Any CPU
		{AADDF8A1-2656-44D7-916D-333818D0804F}.Release|Any CPU.ActiveCfg = Release|Any CPU
		{AADDF8A1-2656-44D7-916D-333818D0804F}.Release|Any CPU.Build.0 = Release|Any CPU
		{CAEFC134-FC2B-45D2-8BC8-81274B53837C}.Debug|Any CPU.ActiveCfg = Debug|Any CPU
		{CAEFC134-FC2B-45D2-8BC8-81274B53837C}.Debug|Any CPU.Build.0 = Debug|Any CPU
		{CAEFC134-FC2B-45D2-8BC8-81274B53837C}.Release|Any CPU.ActiveCfg = Release|Any CPU
		{CAEFC134-FC2B-45D2-8BC8-81274B53837C}.Release|Any CPU.Build.0 = Release|Any CPU
	EndGlobalSection
	GlobalSection(SolutionProperties) = preSolution
		HideSolutionNode = FALSE
	EndGlobalSection
	GlobalSection(ExtensibilityGlobals) = postSolution
		SolutionGuid = {4A4A6A23-4E4A-4D67-820A-67073D64212D}
	EndGlobalSection
EndGlobal
