
Microsoft Visual Studio Solution File, Format Version 12.00
# Visual Studio Version 17
VisualStudioVersion = 17.8.34511.84
MinimumVisualStudioVersion = 10.0.40219.1
Project("{9A19103F-16F7-4668-BE54-9A1E7A4F7556}") = "DAL", "DAL\DAL.csproj", "{AADDF8A1-2656-44D7-916D-333818D0804F}"
EndProject
Project("{9A19103F-16F7-4668-BE54-9A1E7A4F7556}") = "BLL", "BLL\BLL.csproj", "{CAEFC134-FC2B-45D2-8BC8-81274B53837C}"
EndProject
Project("{9A19103F-16F7-4668-BE54-9A1E7A4F7556}") = "TFTIC_BackEnd_VetClinic_Web_API", "TFTIC_BackEnd_VetClinic_Web_API\TFTIC_BackEnd_VetClinic_Web_API.csproj", "{9FB91B88-87BC-4745-8062-5167376E8314}"
EndProject
Global
	GlobalSection(SolutionConfigurationPlatforms) = preSolution
		Debug|Any CPU = Debug|Any CPU
		Release|Any CPU = Release|Any CPU
	EndGlobalSection
	GlobalSection(ProjectConfigurationPlatforms) = postSolution
		{AADDF8A1-2656-44D7-916D-333818D0804F}.Debug|Any CPU.ActiveCfg = Debug|Any CPU
		{AADDF8A1-2656-44D7-916D-333818D0804F}.Debug|Any CPU.Build.0 = Debug|Any CPU
		{AADDF8A1-2656-44D7-916D-333818D0804F}.Release|Any CPU.ActiveCfg = Release|Any CPU
		{AADDF8A1-2656-44D7-916D-333818D0804F}.Release|Any CPU.Build.0 = Release|Any CPU
		{CAEFC134-FC2B-45D2-8BC8-81274B53837C}.Debug|Any CPU.ActiveCfg = Debug|Any CPU
		{CAEFC134-FC2B-45D2-8BC8-81274B53837C}.Debug|Any CPU.Build.0 = Debug|Any CPU
		{CAEFC134-FC2B-45D2-8BC8-81274B53837C}.Release|Any CPU.ActiveCfg = Release|Any CPU
		{CAEFC134-FC2B-45D2-8BC8-81274B53837C}.Release|Any CPU.Build.0 = Release|Any CPU
		{9FB91B88-87BC-4745-8062-5167376E8314}.Debug|Any CPU.ActiveCfg = Debug|Any CPU
		{9FB91B88-87BC-4745-8062-5167376E8314}.Debug|Any CPU.Build.0 = Debug|Any CPU
		{9FB91B88-87BC-4745-8062-5167376E8314}.Release|Any CPU.ActiveCfg = Release|Any CPU
		{9FB91B88-87BC-4745-8062-5167376E8314}.Release|Any CPU.Build.0 = Release|Any CPU
	EndGlobalSection
	GlobalSection(SolutionProperties) = preSolution
		HideSolutionNode = FALSE
	EndGlobalSection
	GlobalSection(ExtensibilityGlobals) = postSolution
		SolutionGuid = {4A4A6A23-4E4A-4D67-820A-67073D64212D}
	EndGlobalSection
EndGlobal
